// !$*UTF8*$!
{
	archiveVersion = 1;
	classes = {
	};
	objectVersion = 56;
	objects = {

/* Begin PBXBuildFile section */
		12D006340A1B404F9919ECA3 /* Pods_Carrefour_CarrefourUITests.framework in Frameworks */ = {isa = PBXBuildFile; fileRef = 4B849050078AFC17F6F30600 /* Pods_Carrefour_CarrefourUITests.framework */; };
		8F8FDFF3C6D302B162606295 /* Pods_Carrefour.framework in Frameworks */ = {isa = PBXBuildFile; fileRef = A560FDECCFF7C116D0A4BA90 /* Pods_Carrefour.framework */; };
		B86861CA15762618842BB1BF /* Pods_CarrefourTests.framework in Frameworks */ = {isa = PBXBuildFile; fileRef = AB605E9DA71F3316784AA6CF /* Pods_CarrefourTests.framework */; };
		D6EF10002A12D3F4008C384F /* MainViewController.swift in Sources */ = {isa = PBXBuildFile; fileRef = D6EF0FFF2A12D3F4008C384F /* MainViewController.swift */; };
		D6EF10052A12D3F5008C384F /* Assets.xcassets in Resources */ = {isa = PBXBuildFile; fileRef = D6EF10042A12D3F5008C384F /* Assets.xcassets */; };
		D6EF10082A12D3F5008C384F /* LaunchScreen.storyboard in Resources */ = {isa = PBXBuildFile; fileRef = D6EF10062A12D3F5008C384F /* LaunchScreen.storyboard */; };
		D6EF10132A12D3F5008C384F /* CarrefourTests.swift in Sources */ = {isa = PBXBuildFile; fileRef = D6EF10122A12D3F5008C384F /* CarrefourTests.swift */; };
		D6EF101D2A12D3F5008C384F /* CarrefourUITests.swift in Sources */ = {isa = PBXBuildFile; fileRef = D6EF101C2A12D3F5008C384F /* CarrefourUITests.swift */; };
		D6EF101F2A12D3F5008C384F /* CarrefourUITestsLaunchTests.swift in Sources */ = {isa = PBXBuildFile; fileRef = D6EF101E2A12D3F5008C384F /* CarrefourUITestsLaunchTests.swift */; };
		D6F8911B2A13C34200EB44E2 /* AppDelegate+Launch.swift in Sources */ = {isa = PBXBuildFile; fileRef = D6F8911A2A13C34200EB44E2 /* AppDelegate+Launch.swift */; };
		D6F891222A13C4FC00EB44E2 /* AppDelegate.swift in Sources */ = {isa = PBXBuildFile; fileRef = D6F891212A13C4FC00EB44E2 /* AppDelegate.swift */; };
		D6F891242A13C5F200EB44E2 /* InitCoordinator.swift in Sources */ = {isa = PBXBuildFile; fileRef = D6F891232A13C5F200EB44E2 /* InitCoordinator.swift */; };
		D6F891262A13C62300EB44E2 /* InitCoordinatorProtocol.swift in Sources */ = {isa = PBXBuildFile; fileRef = D6F891252A13C62300EB44E2 /* InitCoordinatorProtocol.swift */; };
		D6F891282A13C64700EB44E2 /* Coordinator.swift in Sources */ = {isa = PBXBuildFile; fileRef = D6F891272A13C64700EB44E2 /* Coordinator.swift */; };
		D6F8912B2A13C6EA00EB44E2 /* MainCoordinator.swift in Sources */ = {isa = PBXBuildFile; fileRef = D6F8912A2A13C6EA00EB44E2 /* MainCoordinator.swift */; };
		D6F8912E2A13C88500EB44E2 /* UIKit+UIWindow.swift in Sources */ = {isa = PBXBuildFile; fileRef = D6F8912D2A13C88500EB44E2 /* UIKit+UIWindow.swift */; };
		D6F891312A13C93500EB44E2 /* HomeCoordinatorProtocol.swift in Sources */ = {isa = PBXBuildFile; fileRef = D6F891302A13C93500EB44E2 /* HomeCoordinatorProtocol.swift */; };
		D6F891392A14087400EB44E2 /* CoordinatorFactory.swift in Sources */ = {isa = PBXBuildFile; fileRef = D6F891382A14087400EB44E2 /* CoordinatorFactory.swift */; };
		D6F8913C2A14258500EB44E2 /* OverlayLoadingView.swift in Sources */ = {isa = PBXBuildFile; fileRef = D6F8913B2A14258500EB44E2 /* OverlayLoadingView.swift */; };
		D6F891402A14260800EB44E2 /* ViewCodeProtocol.swift in Sources */ = {isa = PBXBuildFile; fileRef = D6F8913F2A14260800EB44E2 /* ViewCodeProtocol.swift */; };
		D6F891432A142D1300EB44E2 /* UIView+Extensions.swift in Sources */ = {isa = PBXBuildFile; fileRef = D6F891422A142D1300EB44E2 /* UIView+Extensions.swift */; };
		D6F891462A151E0E00EB44E2 /* APIManager.swift in Sources */ = {isa = PBXBuildFile; fileRef = D6F891452A151E0E00EB44E2 /* APIManager.swift */; };
		D6F891482A1546AA00EB44E2 /* UserListViewController.swift in Sources */ = {isa = PBXBuildFile; fileRef = D6F891472A1546AA00EB44E2 /* UserListViewController.swift */; };
		D6F8914A2A157FCE00EB44E2 /* UserDetailsViewController.swift in Sources */ = {isa = PBXBuildFile; fileRef = D6F891492A157FCE00EB44E2 /* UserDetailsViewController.swift */; };
		D6F8914D2A1585B800EB44E2 /* User.swift in Sources */ = {isa = PBXBuildFile; fileRef = D6F8914C2A1585B800EB44E2 /* User.swift */; };
		D6F8914F2A1585CA00EB44E2 /* Repository.swift in Sources */ = {isa = PBXBuildFile; fileRef = D6F8914E2A1585CA00EB44E2 /* Repository.swift */; };
		D6F891512A1585D900EB44E2 /* SearchResult.swift in Sources */ = {isa = PBXBuildFile; fileRef = D6F891502A1585D900EB44E2 /* SearchResult.swift */; };
		D6F8915C2A15D4EB00EB44E2 /* UserDetailsViewModel.swift in Sources */ = {isa = PBXBuildFile; fileRef = D6F8915B2A15D4EB00EB44E2 /* UserDetailsViewModel.swift */; };
		D6F8915E2A15D75E00EB44E2 /* UserListViewModel.swift in Sources */ = {isa = PBXBuildFile; fileRef = D6F8915D2A15D75E00EB44E2 /* UserListViewModel.swift */; };
/* End PBXBuildFile section */

/* Begin PBXContainerItemProxy section */
		D6EF100F2A12D3F5008C384F /* PBXContainerItemProxy */ = {
			isa = PBXContainerItemProxy;
			containerPortal = D6EF0FF02A12D3F4008C384F /* Project object */;
			proxyType = 1;
			remoteGlobalIDString = D6EF0FF72A12D3F4008C384F;
			remoteInfo = Carrefour;
		};
		D6EF10192A12D3F5008C384F /* PBXContainerItemProxy */ = {
			isa = PBXContainerItemProxy;
			containerPortal = D6EF0FF02A12D3F4008C384F /* Project object */;
			proxyType = 1;
			remoteGlobalIDString = D6EF0FF72A12D3F4008C384F;
			remoteInfo = Carrefour;
		};
/* End PBXContainerItemProxy section */

/* Begin PBXFileReference section */
		1240B27058369D57C144E7CB /* Pods-CarrefourTests.release.xcconfig */ = {isa = PBXFileReference; includeInIndex = 1; lastKnownFileType = text.xcconfig; name = "Pods-CarrefourTests.release.xcconfig"; path = "Target Support Files/Pods-CarrefourTests/Pods-CarrefourTests.release.xcconfig"; sourceTree = "<group>"; };
		4B849050078AFC17F6F30600 /* Pods_Carrefour_CarrefourUITests.framework */ = {isa = PBXFileReference; explicitFileType = wrapper.framework; includeInIndex = 0; path = Pods_Carrefour_CarrefourUITests.framework; sourceTree = BUILT_PRODUCTS_DIR; };
		64344FB3B00EBFE5646A60A4 /* Pods-Carrefour-CarrefourUITests.debug.xcconfig */ = {isa = PBXFileReference; includeInIndex = 1; lastKnownFileType = text.xcconfig; name = "Pods-Carrefour-CarrefourUITests.debug.xcconfig"; path = "Target Support Files/Pods-Carrefour-CarrefourUITests/Pods-Carrefour-CarrefourUITests.debug.xcconfig"; sourceTree = "<group>"; };
		7C863BAA208EFA3588784E6F /* Pods-Carrefour.debug.xcconfig */ = {isa = PBXFileReference; includeInIndex = 1; lastKnownFileType = text.xcconfig; name = "Pods-Carrefour.debug.xcconfig"; path = "Target Support Files/Pods-Carrefour/Pods-Carrefour.debug.xcconfig"; sourceTree = "<group>"; };
		8FB3899C34B60D25D85C7E73 /* Pods-CarrefourTests.debug.xcconfig */ = {isa = PBXFileReference; includeInIndex = 1; lastKnownFileType = text.xcconfig; name = "Pods-CarrefourTests.debug.xcconfig"; path = "Target Support Files/Pods-CarrefourTests/Pods-CarrefourTests.debug.xcconfig"; sourceTree = "<group>"; };
		A560FDECCFF7C116D0A4BA90 /* Pods_Carrefour.framework */ = {isa = PBXFileReference; explicitFileType = wrapper.framework; includeInIndex = 0; path = Pods_Carrefour.framework; sourceTree = BUILT_PRODUCTS_DIR; };
		AB605E9DA71F3316784AA6CF /* Pods_CarrefourTests.framework */ = {isa = PBXFileReference; explicitFileType = wrapper.framework; includeInIndex = 0; path = Pods_CarrefourTests.framework; sourceTree = BUILT_PRODUCTS_DIR; };
		D0C237B98F79B600837D37B7 /* Pods-Carrefour.release.xcconfig */ = {isa = PBXFileReference; includeInIndex = 1; lastKnownFileType = text.xcconfig; name = "Pods-Carrefour.release.xcconfig"; path = "Target Support Files/Pods-Carrefour/Pods-Carrefour.release.xcconfig"; sourceTree = "<group>"; };
		D1CC1621B6114391863EBDD1 /* Pods-Carrefour-CarrefourUITests.release.xcconfig */ = {isa = PBXFileReference; includeInIndex = 1; lastKnownFileType = text.xcconfig; name = "Pods-Carrefour-CarrefourUITests.release.xcconfig"; path = "Target Support Files/Pods-Carrefour-CarrefourUITests/Pods-Carrefour-CarrefourUITests.release.xcconfig"; sourceTree = "<group>"; };
		D6EF0FF82A12D3F4008C384F /* Carrefour.app */ = {isa = PBXFileReference; explicitFileType = wrapper.application; includeInIndex = 0; path = Carrefour.app; sourceTree = BUILT_PRODUCTS_DIR; };
		D6EF0FFF2A12D3F4008C384F /* MainViewController.swift */ = {isa = PBXFileReference; lastKnownFileType = sourcecode.swift; path = MainViewController.swift; sourceTree = "<group>"; };
		D6EF10042A12D3F5008C384F /* Assets.xcassets */ = {isa = PBXFileReference; lastKnownFileType = folder.assetcatalog; path = Assets.xcassets; sourceTree = "<group>"; };
		D6EF10072A12D3F5008C384F /* Base */ = {isa = PBXFileReference; lastKnownFileType = file.storyboard; name = Base; path = Base.lproj/LaunchScreen.storyboard; sourceTree = "<group>"; };
		D6EF10092A12D3F5008C384F /* Info.plist */ = {isa = PBXFileReference; lastKnownFileType = text.plist.xml; path = Info.plist; sourceTree = "<group>"; };
		D6EF100E2A12D3F5008C384F /* CarrefourTests.xctest */ = {isa = PBXFileReference; explicitFileType = wrapper.cfbundle; includeInIndex = 0; path = CarrefourTests.xctest; sourceTree = BUILT_PRODUCTS_DIR; };
		D6EF10122A12D3F5008C384F /* CarrefourTests.swift */ = {isa = PBXFileReference; lastKnownFileType = sourcecode.swift; path = CarrefourTests.swift; sourceTree = "<group>"; };
		D6EF10182A12D3F5008C384F /* CarrefourUITests.xctest */ = {isa = PBXFileReference; explicitFileType = wrapper.cfbundle; includeInIndex = 0; path = CarrefourUITests.xctest; sourceTree = BUILT_PRODUCTS_DIR; };
		D6EF101C2A12D3F5008C384F /* CarrefourUITests.swift */ = {isa = PBXFileReference; lastKnownFileType = sourcecode.swift; path = CarrefourUITests.swift; sourceTree = "<group>"; };
		D6EF101E2A12D3F5008C384F /* CarrefourUITestsLaunchTests.swift */ = {isa = PBXFileReference; lastKnownFileType = sourcecode.swift; path = CarrefourUITestsLaunchTests.swift; sourceTree = "<group>"; };
		D6F8911A2A13C34200EB44E2 /* AppDelegate+Launch.swift */ = {isa = PBXFileReference; lastKnownFileType = sourcecode.swift; path = "AppDelegate+Launch.swift"; sourceTree = "<group>"; };
		D6F891212A13C4FC00EB44E2 /* AppDelegate.swift */ = {isa = PBXFileReference; lastKnownFileType = sourcecode.swift; path = AppDelegate.swift; sourceTree = "<group>"; };
		D6F891232A13C5F200EB44E2 /* InitCoordinator.swift */ = {isa = PBXFileReference; lastKnownFileType = sourcecode.swift; path = InitCoordinator.swift; sourceTree = "<group>"; };
		D6F891252A13C62300EB44E2 /* InitCoordinatorProtocol.swift */ = {isa = PBXFileReference; lastKnownFileType = sourcecode.swift; path = InitCoordinatorProtocol.swift; sourceTree = "<group>"; };
		D6F891272A13C64700EB44E2 /* Coordinator.swift */ = {isa = PBXFileReference; lastKnownFileType = sourcecode.swift; path = Coordinator.swift; sourceTree = "<group>"; };
		D6F8912A2A13C6EA00EB44E2 /* MainCoordinator.swift */ = {isa = PBXFileReference; lastKnownFileType = sourcecode.swift; path = MainCoordinator.swift; sourceTree = "<group>"; };
		D6F8912D2A13C88500EB44E2 /* UIKit+UIWindow.swift */ = {isa = PBXFileReference; lastKnownFileType = sourcecode.swift; path = "UIKit+UIWindow.swift"; sourceTree = "<group>"; };
		D6F891302A13C93500EB44E2 /* HomeCoordinatorProtocol.swift */ = {isa = PBXFileReference; lastKnownFileType = sourcecode.swift; path = HomeCoordinatorProtocol.swift; sourceTree = "<group>"; };
		D6F891382A14087400EB44E2 /* CoordinatorFactory.swift */ = {isa = PBXFileReference; lastKnownFileType = sourcecode.swift; path = CoordinatorFactory.swift; sourceTree = "<group>"; };
		D6F8913B2A14258500EB44E2 /* OverlayLoadingView.swift */ = {isa = PBXFileReference; lastKnownFileType = sourcecode.swift; path = OverlayLoadingView.swift; sourceTree = "<group>"; };
		D6F8913F2A14260800EB44E2 /* ViewCodeProtocol.swift */ = {isa = PBXFileReference; lastKnownFileType = sourcecode.swift; path = ViewCodeProtocol.swift; sourceTree = "<group>"; };
		D6F891422A142D1300EB44E2 /* UIView+Extensions.swift */ = {isa = PBXFileReference; lastKnownFileType = sourcecode.swift; path = "UIView+Extensions.swift"; sourceTree = "<group>"; };
		D6F891452A151E0E00EB44E2 /* APIManager.swift */ = {isa = PBXFileReference; lastKnownFileType = sourcecode.swift; path = APIManager.swift; sourceTree = "<group>"; };
		D6F891472A1546AA00EB44E2 /* UserListViewController.swift */ = {isa = PBXFileReference; lastKnownFileType = sourcecode.swift; path = UserListViewController.swift; sourceTree = "<group>"; };
		D6F891492A157FCE00EB44E2 /* UserDetailsViewController.swift */ = {isa = PBXFileReference; lastKnownFileType = sourcecode.swift; path = UserDetailsViewController.swift; sourceTree = "<group>"; };
		D6F8914C2A1585B800EB44E2 /* User.swift */ = {isa = PBXFileReference; lastKnownFileType = sourcecode.swift; path = User.swift; sourceTree = "<group>"; };
		D6F8914E2A1585CA00EB44E2 /* Repository.swift */ = {isa = PBXFileReference; lastKnownFileType = sourcecode.swift; path = Repository.swift; sourceTree = "<group>"; };
		D6F891502A1585D900EB44E2 /* SearchResult.swift */ = {isa = PBXFileReference; lastKnownFileType = sourcecode.swift; path = SearchResult.swift; sourceTree = "<group>"; };
		D6F8915B2A15D4EB00EB44E2 /* UserDetailsViewModel.swift */ = {isa = PBXFileReference; lastKnownFileType = sourcecode.swift; path = UserDetailsViewModel.swift; sourceTree = "<group>"; };
		D6F8915D2A15D75E00EB44E2 /* UserListViewModel.swift */ = {isa = PBXFileReference; lastKnownFileType = sourcecode.swift; path = UserListViewModel.swift; sourceTree = "<group>"; };
/* End PBXFileReference section */

/* Begin PBXFrameworksBuildPhase section */
		D6EF0FF52A12D3F4008C384F /* Frameworks */ = {
			isa = PBXFrameworksBuildPhase;
			buildActionMask = 2147483647;
			files = (
				8F8FDFF3C6D302B162606295 /* Pods_Carrefour.framework in Frameworks */,
			);
			runOnlyForDeploymentPostprocessing = 0;
		};
		D6EF100B2A12D3F5008C384F /* Frameworks */ = {
			isa = PBXFrameworksBuildPhase;
			buildActionMask = 2147483647;
			files = (
				B86861CA15762618842BB1BF /* Pods_CarrefourTests.framework in Frameworks */,
			);
			runOnlyForDeploymentPostprocessing = 0;
		};
		D6EF10152A12D3F5008C384F /* Frameworks */ = {
			isa = PBXFrameworksBuildPhase;
			buildActionMask = 2147483647;
			files = (
				12D006340A1B404F9919ECA3 /* Pods_Carrefour_CarrefourUITests.framework in Frameworks */,
			);
			runOnlyForDeploymentPostprocessing = 0;
		};
/* End PBXFrameworksBuildPhase section */

/* Begin PBXGroup section */
		07D123C809226F09D547A28E /* Frameworks */ = {
			isa = PBXGroup;
			children = (
				A560FDECCFF7C116D0A4BA90 /* Pods_Carrefour.framework */,
				4B849050078AFC17F6F30600 /* Pods_Carrefour_CarrefourUITests.framework */,
				AB605E9DA71F3316784AA6CF /* Pods_CarrefourTests.framework */,
			);
			name = Frameworks;
			sourceTree = "<group>";
		};
		19C2BE4179FE1E676C5E4C5F /* Pods */ = {
			isa = PBXGroup;
			children = (
				7C863BAA208EFA3588784E6F /* Pods-Carrefour.debug.xcconfig */,
				D0C237B98F79B600837D37B7 /* Pods-Carrefour.release.xcconfig */,
				64344FB3B00EBFE5646A60A4 /* Pods-Carrefour-CarrefourUITests.debug.xcconfig */,
				D1CC1621B6114391863EBDD1 /* Pods-Carrefour-CarrefourUITests.release.xcconfig */,
				8FB3899C34B60D25D85C7E73 /* Pods-CarrefourTests.debug.xcconfig */,
				1240B27058369D57C144E7CB /* Pods-CarrefourTests.release.xcconfig */,
			);
			path = Pods;
			sourceTree = "<group>";
		};
		D66494EE2A12DBEC009FA57D /* Coordinator */ = {
			isa = PBXGroup;
			children = (
				D6F8912F2A13C92600EB44E2 /* Home */,
				D6F891292A13C65200EB44E2 /* Main */,
				D6F891232A13C5F200EB44E2 /* InitCoordinator.swift */,
				D6F891252A13C62300EB44E2 /* InitCoordinatorProtocol.swift */,
			);
			path = Coordinator;
			sourceTree = "<group>";
		};
		D6EF0FEF2A12D3F4008C384F = {
			isa = PBXGroup;
			children = (
				D6EF0FFA2A12D3F4008C384F /* Carrefour */,
				D6EF10112A12D3F5008C384F /* CarrefourTests */,
				D6EF101B2A12D3F5008C384F /* CarrefourUITests */,
				D6EF0FF92A12D3F4008C384F /* Products */,
				19C2BE4179FE1E676C5E4C5F /* Pods */,
				07D123C809226F09D547A28E /* Frameworks */,
			);
			sourceTree = "<group>";
		};
		D6EF0FF92A12D3F4008C384F /* Products */ = {
			isa = PBXGroup;
			children = (
				D6EF0FF82A12D3F4008C384F /* Carrefour.app */,
				D6EF100E2A12D3F5008C384F /* CarrefourTests.xctest */,
				D6EF10182A12D3F5008C384F /* CarrefourUITests.xctest */,
			);
			name = Products;
			sourceTree = "<group>";
		};
		D6EF0FFA2A12D3F4008C384F /* Carrefour */ = {
			isa = PBXGroup;
			children = (
				D6F891442A151DE600EB44E2 /* API */,
				D6F891412A142D0600EB44E2 /* Extensions */,
				D6F8913D2A1425FA00EB44E2 /* View */,
				D6F8913A2A14257D00EB44E2 /* Other */,
				D6F891372A14086A00EB44E2 /* Factory */,
				D6F8912C2A13C86700EB44E2 /* UIKit */,
				D6F891202A13C3F700EB44E2 /* XIB */,
				D6F8911F2A13C3CD00EB44E2 /* Model */,
				D6F8911D2A13C3BF00EB44E2 /* Controller */,
				D66494EE2A12DBEC009FA57D /* Coordinator */,
				D6F891192A13C33000EB44E2 /* AppDelegate */,
				D6EF10042A12D3F5008C384F /* Assets.xcassets */,
				D6EF10092A12D3F5008C384F /* Info.plist */,
			);
			path = Carrefour;
			sourceTree = "<group>";
		};
		D6EF10112A12D3F5008C384F /* CarrefourTests */ = {
			isa = PBXGroup;
			children = (
				D6EF10122A12D3F5008C384F /* CarrefourTests.swift */,
			);
			path = CarrefourTests;
			sourceTree = "<group>";
		};
		D6EF101B2A12D3F5008C384F /* CarrefourUITests */ = {
			isa = PBXGroup;
			children = (
				D6EF101C2A12D3F5008C384F /* CarrefourUITests.swift */,
				D6EF101E2A12D3F5008C384F /* CarrefourUITestsLaunchTests.swift */,
			);
			path = CarrefourUITests;
			sourceTree = "<group>";
		};
		D6F891192A13C33000EB44E2 /* AppDelegate */ = {
			isa = PBXGroup;
			children = (
				D6F8911A2A13C34200EB44E2 /* AppDelegate+Launch.swift */,
				D6F891212A13C4FC00EB44E2 /* AppDelegate.swift */,
			);
			path = AppDelegate;
			sourceTree = "<group>";
		};
		D6F8911D2A13C3BF00EB44E2 /* Controller */ = {
			isa = PBXGroup;
			children = (
				D6F891582A15CFA000EB44E2 /* ViewModel */,
				D6EF0FFF2A12D3F4008C384F /* MainViewController.swift */,
				D6F891472A1546AA00EB44E2 /* UserListViewController.swift */,
				D6F891492A157FCE00EB44E2 /* UserDetailsViewController.swift */,
			);
			path = Controller;
			sourceTree = "<group>";
		};
		D6F8911F2A13C3CD00EB44E2 /* Model */ = {
			isa = PBXGroup;
			children = (
				D6F8914B2A1585A200EB44E2 /* UserDataModels */,
			);
			path = Model;
			sourceTree = "<group>";
		};
		D6F891202A13C3F700EB44E2 /* XIB */ = {
			isa = PBXGroup;
			children = (
				D6EF10062A12D3F5008C384F /* LaunchScreen.storyboard */,
			);
			path = XIB;
			sourceTree = "<group>";
		};
		D6F891292A13C65200EB44E2 /* Main */ = {
			isa = PBXGroup;
			children = (
				D6F891272A13C64700EB44E2 /* Coordinator.swift */,
				D6F8912A2A13C6EA00EB44E2 /* MainCoordinator.swift */,
			);
			path = Main;
			sourceTree = "<group>";
		};
		D6F8912C2A13C86700EB44E2 /* UIKit */ = {
			isa = PBXGroup;
			children = (
				D6F8912D2A13C88500EB44E2 /* UIKit+UIWindow.swift */,
			);
			path = UIKit;
			sourceTree = "<group>";
		};
		D6F8912F2A13C92600EB44E2 /* Home */ = {
			isa = PBXGroup;
			children = (
				D6F891302A13C93500EB44E2 /* HomeCoordinatorProtocol.swift */,
			);
			path = Home;
			sourceTree = "<group>";
		};
		D6F891372A14086A00EB44E2 /* Factory */ = {
			isa = PBXGroup;
			children = (
				D6F891382A14087400EB44E2 /* CoordinatorFactory.swift */,
			);
			path = Factory;
			sourceTree = "<group>";
		};
		D6F8913A2A14257D00EB44E2 /* Other */ = {
			isa = PBXGroup;
			children = (
				D6F8913B2A14258500EB44E2 /* OverlayLoadingView.swift */,
			);
			path = Other;
			sourceTree = "<group>";
		};
		D6F8913D2A1425FA00EB44E2 /* View */ = {
			isa = PBXGroup;
			children = (
				D6F8913E2A1425FF00EB44E2 /* Protocol */,
			);
			path = View;
			sourceTree = "<group>";
		};
		D6F8913E2A1425FF00EB44E2 /* Protocol */ = {
			isa = PBXGroup;
			children = (
				D6F8913F2A14260800EB44E2 /* ViewCodeProtocol.swift */,
			);
			path = Protocol;
			sourceTree = "<group>";
		};
		D6F891412A142D0600EB44E2 /* Extensions */ = {
			isa = PBXGroup;
			children = (
				D6F891422A142D1300EB44E2 /* UIView+Extensions.swift */,
			);
			path = Extensions;
			sourceTree = "<group>";
		};
		D6F891442A151DE600EB44E2 /* API */ = {
			isa = PBXGroup;
			children = (
				D6F891452A151E0E00EB44E2 /* APIManager.swift */,
			);
			path = API;
			sourceTree = "<group>";
		};
		D6F8914B2A1585A200EB44E2 /* UserDataModels */ = {
			isa = PBXGroup;
			children = (
				D6F8914C2A1585B800EB44E2 /* User.swift */,
				D6F8914E2A1585CA00EB44E2 /* Repository.swift */,
				D6F891502A1585D900EB44E2 /* SearchResult.swift */,
			);
			path = UserDataModels;
			sourceTree = "<group>";
		};
		D6F891582A15CFA000EB44E2 /* ViewModel */ = {
			isa = PBXGroup;
			children = (
				D6F8915B2A15D4EB00EB44E2 /* UserDetailsViewModel.swift */,
				D6F8915D2A15D75E00EB44E2 /* UserListViewModel.swift */,
			);
			name = ViewModel;
			path = ../ViewModel;
			sourceTree = "<group>";
		};
/* End PBXGroup section */

/* Begin PBXNativeTarget section */
		D6EF0FF72A12D3F4008C384F /* Carrefour */ = {
			isa = PBXNativeTarget;
			buildConfigurationList = D6EF10222A12D3F5008C384F /* Build configuration list for PBXNativeTarget "Carrefour" */;
			buildPhases = (
				EDA22E32A071BF49DAA7F1D0 /* [CP] Check Pods Manifest.lock */,
				D6EF0FF42A12D3F4008C384F /* Sources */,
				D6EF0FF52A12D3F4008C384F /* Frameworks */,
				D6EF0FF62A12D3F4008C384F /* Resources */,
				5A396213C2584485DD2EF519 /* [CP] Embed Pods Frameworks */,
			);
			buildRules = (
			);
			dependencies = (
			);
			name = Carrefour;
			productName = Carrefour;
			productReference = D6EF0FF82A12D3F4008C384F /* Carrefour.app */;
			productType = "com.apple.product-type.application";
		};
		D6EF100D2A12D3F5008C384F /* CarrefourTests */ = {
			isa = PBXNativeTarget;
			buildConfigurationList = D6EF10252A12D3F5008C384F /* Build configuration list for PBXNativeTarget "CarrefourTests" */;
			buildPhases = (
				950DB72B4FB0A7F79757FE32 /* [CP] Check Pods Manifest.lock */,
				D6EF100A2A12D3F5008C384F /* Sources */,
				D6EF100B2A12D3F5008C384F /* Frameworks */,
				D6EF100C2A12D3F5008C384F /* Resources */,
			);
			buildRules = (
			);
			dependencies = (
				D6EF10102A12D3F5008C384F /* PBXTargetDependency */,
			);
			name = CarrefourTests;
			productName = CarrefourTests;
			productReference = D6EF100E2A12D3F5008C384F /* CarrefourTests.xctest */;
			productType = "com.apple.product-type.bundle.unit-test";
		};
		D6EF10172A12D3F5008C384F /* CarrefourUITests */ = {
			isa = PBXNativeTarget;
			buildConfigurationList = D6EF10282A12D3F5008C384F /* Build configuration list for PBXNativeTarget "CarrefourUITests" */;
			buildPhases = (
				D021358C0669545CE0AFFE74 /* [CP] Check Pods Manifest.lock */,
				D6EF10142A12D3F5008C384F /* Sources */,
				D6EF10152A12D3F5008C384F /* Frameworks */,
				D6EF10162A12D3F5008C384F /* Resources */,
				B668516C0E22909F6CB158D5 /* [CP] Embed Pods Frameworks */,
			);
			buildRules = (
			);
			dependencies = (
				D6EF101A2A12D3F5008C384F /* PBXTargetDependency */,
			);
			name = CarrefourUITests;
			productName = CarrefourUITests;
			productReference = D6EF10182A12D3F5008C384F /* CarrefourUITests.xctest */;
			productType = "com.apple.product-type.bundle.ui-testing";
		};
/* End PBXNativeTarget section */

/* Begin PBXProject section */
		D6EF0FF02A12D3F4008C384F /* Project object */ = {
			isa = PBXProject;
			attributes = {
				BuildIndependentTargetsInParallel = 1;
				LastSwiftUpdateCheck = 1410;
				LastUpgradeCheck = 1410;
				TargetAttributes = {
					D6EF0FF72A12D3F4008C384F = {
						CreatedOnToolsVersion = 14.1;
					};
					D6EF100D2A12D3F5008C384F = {
						CreatedOnToolsVersion = 14.1;
						TestTargetID = D6EF0FF72A12D3F4008C384F;
					};
					D6EF10172A12D3F5008C384F = {
						CreatedOnToolsVersion = 14.1;
						TestTargetID = D6EF0FF72A12D3F4008C384F;
					};
				};
			};
			buildConfigurationList = D6EF0FF32A12D3F4008C384F /* Build configuration list for PBXProject "Carrefour" */;
			compatibilityVersion = "Xcode 14.0";
			developmentRegion = en;
			hasScannedForEncodings = 0;
			knownRegions = (
				en,
				Base,
			);
			mainGroup = D6EF0FEF2A12D3F4008C384F;
			productRefGroup = D6EF0FF92A12D3F4008C384F /* Products */;
			projectDirPath = "";
			projectRoot = "";
			targets = (
				D6EF0FF72A12D3F4008C384F /* Carrefour */,
				D6EF100D2A12D3F5008C384F /* CarrefourTests */,
				D6EF10172A12D3F5008C384F /* CarrefourUITests */,
			);
		};
/* End PBXProject section */

/* Begin PBXResourcesBuildPhase section */
		D6EF0FF62A12D3F4008C384F /* Resources */ = {
			isa = PBXResourcesBuildPhase;
			buildActionMask = 2147483647;
			files = (
				D6EF10082A12D3F5008C384F /* LaunchScreen.storyboard in Resources */,
				D6EF10052A12D3F5008C384F /* Assets.xcassets in Resources */,
			);
			runOnlyForDeploymentPostprocessing = 0;
		};
		D6EF100C2A12D3F5008C384F /* Resources */ = {
			isa = PBXResourcesBuildPhase;
			buildActionMask = 2147483647;
			files = (
			);
			runOnlyForDeploymentPostprocessing = 0;
		};
		D6EF10162A12D3F5008C384F /* Resources */ = {
			isa = PBXResourcesBuildPhase;
			buildActionMask = 2147483647;
			files = (
			);
			runOnlyForDeploymentPostprocessing = 0;
		};
/* End PBXResourcesBuildPhase section */

/* Begin PBXShellScriptBuildPhase section */
		5A396213C2584485DD2EF519 /* [CP] Embed Pods Frameworks */ = {
			isa = PBXShellScriptBuildPhase;
			buildActionMask = 2147483647;
			files = (
			);
			inputFileListPaths = (
				"${PODS_ROOT}/Target Support Files/Pods-Carrefour/Pods-Carrefour-frameworks-${CONFIGURATION}-input-files.xcfilelist",
			);
			name = "[CP] Embed Pods Frameworks";
			outputFileListPaths = (
				"${PODS_ROOT}/Target Support Files/Pods-Carrefour/Pods-Carrefour-frameworks-${CONFIGURATION}-output-files.xcfilelist",
			);
			runOnlyForDeploymentPostprocessing = 0;
			shellPath = /bin/sh;
			shellScript = "\"${PODS_ROOT}/Target Support Files/Pods-Carrefour/Pods-Carrefour-frameworks.sh\"\n";
			showEnvVarsInLog = 0;
		};
		950DB72B4FB0A7F79757FE32 /* [CP] Check Pods Manifest.lock */ = {
			isa = PBXShellScriptBuildPhase;
			buildActionMask = 2147483647;
			files = (
			);
			inputFileListPaths = (
			);
			inputPaths = (
				"${PODS_PODFILE_DIR_PATH}/Podfile.lock",
				"${PODS_ROOT}/Manifest.lock",
			);
			name = "[CP] Check Pods Manifest.lock";
			outputFileListPaths = (
			);
			outputPaths = (
				"$(DERIVED_FILE_DIR)/Pods-CarrefourTests-checkManifestLockResult.txt",
			);
			runOnlyForDeploymentPostprocessing = 0;
			shellPath = /bin/sh;
			shellScript = "diff \"${PODS_PODFILE_DIR_PATH}/Podfile.lock\" \"${PODS_ROOT}/Manifest.lock\" > /dev/null\nif [ $? != 0 ] ; then\n    # print error to STDERR\n    echo \"error: The sandbox is not in sync with the Podfile.lock. Run 'pod install' or update your CocoaPods installation.\" >&2\n    exit 1\nfi\n# This output is used by Xcode 'outputs' to avoid re-running this script phase.\necho \"SUCCESS\" > \"${SCRIPT_OUTPUT_FILE_0}\"\n";
			showEnvVarsInLog = 0;
		};
		B668516C0E22909F6CB158D5 /* [CP] Embed Pods Frameworks */ = {
			isa = PBXShellScriptBuildPhase;
			buildActionMask = 2147483647;
			files = (
			);
			inputFileListPaths = (
				"${PODS_ROOT}/Target Support Files/Pods-Carrefour-CarrefourUITests/Pods-Carrefour-CarrefourUITests-frameworks-${CONFIGURATION}-input-files.xcfilelist",
			);
			name = "[CP] Embed Pods Frameworks";
			outputFileListPaths = (
				"${PODS_ROOT}/Target Support Files/Pods-Carrefour-CarrefourUITests/Pods-Carrefour-CarrefourUITests-frameworks-${CONFIGURATION}-output-files.xcfilelist",
			);
			runOnlyForDeploymentPostprocessing = 0;
			shellPath = /bin/sh;
			shellScript = "\"${PODS_ROOT}/Target Support Files/Pods-Carrefour-CarrefourUITests/Pods-Carrefour-CarrefourUITests-frameworks.sh\"\n";
			showEnvVarsInLog = 0;
		};
		D021358C0669545CE0AFFE74 /* [CP] Check Pods Manifest.lock */ = {
			isa = PBXShellScriptBuildPhase;
			buildActionMask = 2147483647;
			files = (
			);
			inputFileListPaths = (
			);
			inputPaths = (
				"${PODS_PODFILE_DIR_PATH}/Podfile.lock",
				"${PODS_ROOT}/Manifest.lock",
			);
			name = "[CP] Check Pods Manifest.lock";
			outputFileListPaths = (
			);
			outputPaths = (
				"$(DERIVED_FILE_DIR)/Pods-Carrefour-CarrefourUITests-checkManifestLockResult.txt",
			);
			runOnlyForDeploymentPostprocessing = 0;
			shellPath = /bin/sh;
			shellScript = "diff \"${PODS_PODFILE_DIR_PATH}/Podfile.lock\" \"${PODS_ROOT}/Manifest.lock\" > /dev/null\nif [ $? != 0 ] ; then\n    # print error to STDERR\n    echo \"error: The sandbox is not in sync with the Podfile.lock. Run 'pod install' or update your CocoaPods installation.\" >&2\n    exit 1\nfi\n# This output is used by Xcode 'outputs' to avoid re-running this script phase.\necho \"SUCCESS\" > \"${SCRIPT_OUTPUT_FILE_0}\"\n";
			showEnvVarsInLog = 0;
		};
		EDA22E32A071BF49DAA7F1D0 /* [CP] Check Pods Manifest.lock */ = {
			isa = PBXShellScriptBuildPhase;
			buildActionMask = 2147483647;
			files = (
			);
			inputFileListPaths = (
			);
			inputPaths = (
				"${PODS_PODFILE_DIR_PATH}/Podfile.lock",
				"${PODS_ROOT}/Manifest.lock",
			);
			name = "[CP] Check Pods Manifest.lock";
			outputFileListPaths = (
			);
			outputPaths = (
				"$(DERIVED_FILE_DIR)/Pods-Carrefour-checkManifestLockResult.txt",
			);
			runOnlyForDeploymentPostprocessing = 0;
			shellPath = /bin/sh;
			shellScript = "diff \"${PODS_PODFILE_DIR_PATH}/Podfile.lock\" \"${PODS_ROOT}/Manifest.lock\" > /dev/null\nif [ $? != 0 ] ; then\n    # print error to STDERR\n    echo \"error: The sandbox is not in sync with the Podfile.lock. Run 'pod install' or update your CocoaPods installation.\" >&2\n    exit 1\nfi\n# This output is used by Xcode 'outputs' to avoid re-running this script phase.\necho \"SUCCESS\" > \"${SCRIPT_OUTPUT_FILE_0}\"\n";
			showEnvVarsInLog = 0;
		};
/* End PBXShellScriptBuildPhase section */

/* Begin PBXSourcesBuildPhase section */
		D6EF0FF42A12D3F4008C384F /* Sources */ = {
			isa = PBXSourcesBuildPhase;
			buildActionMask = 2147483647;
			files = (
				D6F891432A142D1300EB44E2 /* UIView+Extensions.swift in Sources */,
				D6F891262A13C62300EB44E2 /* InitCoordinatorProtocol.swift in Sources */,
				D6F8912B2A13C6EA00EB44E2 /* MainCoordinator.swift in Sources */,
				D6F891242A13C5F200EB44E2 /* InitCoordinator.swift in Sources */,
				D6F891222A13C4FC00EB44E2 /* AppDelegate.swift in Sources */,
				D6F891482A1546AA00EB44E2 /* UserListViewController.swift in Sources */,
				D6F8915C2A15D4EB00EB44E2 /* UserDetailsViewModel.swift in Sources */,
				D6F891402A14260800EB44E2 /* ViewCodeProtocol.swift in Sources */,
				D6F8914D2A1585B800EB44E2 /* User.swift in Sources */,
				D6F891462A151E0E00EB44E2 /* APIManager.swift in Sources */,
				D6F891512A1585D900EB44E2 /* SearchResult.swift in Sources */,
				D6F8912E2A13C88500EB44E2 /* UIKit+UIWindow.swift in Sources */,
				D6F891312A13C93500EB44E2 /* HomeCoordinatorProtocol.swift in Sources */,
				D6EF10002A12D3F4008C384F /* MainViewController.swift in Sources */,
				D6F8911B2A13C34200EB44E2 /* AppDelegate+Launch.swift in Sources */,
				D6F8913C2A14258500EB44E2 /* OverlayLoadingView.swift in Sources */,
				D6F8915E2A15D75E00EB44E2 /* UserListViewModel.swift in Sources */,
				D6F891392A14087400EB44E2 /* CoordinatorFactory.swift in Sources */,
				D6F8914A2A157FCE00EB44E2 /* UserDetailsViewController.swift in Sources */,
				D6F891282A13C64700EB44E2 /* Coordinator.swift in Sources */,
				D6F8914F2A1585CA00EB44E2 /* Repository.swift in Sources */,
			);
			runOnlyForDeploymentPostprocessing = 0;
		};
		D6EF100A2A12D3F5008C384F /* Sources */ = {
			isa = PBXSourcesBuildPhase;
			buildActionMask = 2147483647;
			files = (
				D6EF10132A12D3F5008C384F /* CarrefourTests.swift in Sources */,
			);
			runOnlyForDeploymentPostprocessing = 0;
		};
		D6EF10142A12D3F5008C384F /* Sources */ = {
			isa = PBXSourcesBuildPhase;
			buildActionMask = 2147483647;
			files = (
				D6EF101F2A12D3F5008C384F /* CarrefourUITestsLaunchTests.swift in Sources */,
				D6EF101D2A12D3F5008C384F /* CarrefourUITests.swift in Sources */,
			);
			runOnlyForDeploymentPostprocessing = 0;
		};
/* End PBXSourcesBuildPhase section */

/* Begin PBXTargetDependency section */
		D6EF10102A12D3F5008C384F /* PBXTargetDependency */ = {
			isa = PBXTargetDependency;
			target = D6EF0FF72A12D3F4008C384F /* Carrefour */;
			targetProxy = D6EF100F2A12D3F5008C384F /* PBXContainerItemProxy */;
		};
		D6EF101A2A12D3F5008C384F /* PBXTargetDependency */ = {
			isa = PBXTargetDependency;
			target = D6EF0FF72A12D3F4008C384F /* Carrefour */;
			targetProxy = D6EF10192A12D3F5008C384F /* PBXContainerItemProxy */;
		};
/* End PBXTargetDependency section */

/* Begin PBXVariantGroup section */
		D6EF10062A12D3F5008C384F /* LaunchScreen.storyboard */ = {
			isa = PBXVariantGroup;
			children = (
				D6EF10072A12D3F5008C384F /* Base */,
			);
			name = LaunchScreen.storyboard;
			sourceTree = "<group>";
		};
/* End PBXVariantGroup section */

/* Begin XCBuildConfiguration section */
		D6EF10202A12D3F5008C384F /* Debug */ = {
			isa = XCBuildConfiguration;
			buildSettings = {
				ALWAYS_SEARCH_USER_PATHS = NO;
				CLANG_ANALYZER_NONNULL = YES;
				CLANG_ANALYZER_NUMBER_OBJECT_CONVERSION = YES_AGGRESSIVE;
				CLANG_CXX_LANGUAGE_STANDARD = "gnu++20";
				CLANG_ENABLE_MODULES = YES;
				CLANG_ENABLE_OBJC_ARC = YES;
				CLANG_ENABLE_OBJC_WEAK = YES;
				CLANG_WARN_BLOCK_CAPTURE_AUTORELEASING = YES;
				CLANG_WARN_BOOL_CONVERSION = YES;
				CLANG_WARN_COMMA = YES;
				CLANG_WARN_CONSTANT_CONVERSION = YES;
				CLANG_WARN_DEPRECATED_OBJC_IMPLEMENTATIONS = YES;
				CLANG_WARN_DIRECT_OBJC_ISA_USAGE = YES_ERROR;
				CLANG_WARN_DOCUMENTATION_COMMENTS = YES;
				CLANG_WARN_EMPTY_BODY = YES;
				CLANG_WARN_ENUM_CONVERSION = YES;
				CLANG_WARN_INFINITE_RECURSION = YES;
				CLANG_WARN_INT_CONVERSION = YES;
				CLANG_WARN_NON_LITERAL_NULL_CONVERSION = YES;
				CLANG_WARN_OBJC_IMPLICIT_RETAIN_SELF = YES;
				CLANG_WARN_OBJC_LITERAL_CONVERSION = YES;
				CLANG_WARN_OBJC_ROOT_CLASS = YES_ERROR;
				CLANG_WARN_QUOTED_INCLUDE_IN_FRAMEWORK_HEADER = YES;
				CLANG_WARN_RANGE_LOOP_ANALYSIS = YES;
				CLANG_WARN_STRICT_PROTOTYPES = YES;
				CLANG_WARN_SUSPICIOUS_MOVE = YES;
				CLANG_WARN_UNGUARDED_AVAILABILITY = YES_AGGRESSIVE;
				CLANG_WARN_UNREACHABLE_CODE = YES;
				CLANG_WARN__DUPLICATE_METHOD_MATCH = YES;
				COPY_PHASE_STRIP = NO;
				DEBUG_INFORMATION_FORMAT = dwarf;
				ENABLE_STRICT_OBJC_MSGSEND = YES;
				ENABLE_TESTABILITY = YES;
				GCC_C_LANGUAGE_STANDARD = gnu11;
				GCC_DYNAMIC_NO_PIC = NO;
				GCC_NO_COMMON_BLOCKS = YES;
				GCC_OPTIMIZATION_LEVEL = 0;
				GCC_PREPROCESSOR_DEFINITIONS = (
					"DEBUG=1",
					"$(inherited)",
				);
				GCC_WARN_64_TO_32_BIT_CONVERSION = YES;
				GCC_WARN_ABOUT_RETURN_TYPE = YES_ERROR;
				GCC_WARN_UNDECLARED_SELECTOR = YES;
				GCC_WARN_UNINITIALIZED_AUTOS = YES_AGGRESSIVE;
				GCC_WARN_UNUSED_FUNCTION = YES;
				GCC_WARN_UNUSED_VARIABLE = YES;
				IPHONEOS_DEPLOYMENT_TARGET = 16.1;
				MTL_ENABLE_DEBUG_INFO = INCLUDE_SOURCE;
				MTL_FAST_MATH = YES;
				ONLY_ACTIVE_ARCH = YES;
				SDKROOT = iphoneos;
				SWIFT_ACTIVE_COMPILATION_CONDITIONS = DEBUG;
				SWIFT_OPTIMIZATION_LEVEL = "-Onone";
			};
			name = Debug;
		};
		D6EF10212A12D3F5008C384F /* Release */ = {
			isa = XCBuildConfiguration;
			buildSettings = {
				ALWAYS_SEARCH_USER_PATHS = NO;
				CLANG_ANALYZER_NONNULL = YES;
				CLANG_ANALYZER_NUMBER_OBJECT_CONVERSION = YES_AGGRESSIVE;
				CLANG_CXX_LANGUAGE_STANDARD = "gnu++20";
				CLANG_ENABLE_MODULES = YES;
				CLANG_ENABLE_OBJC_ARC = YES;
				CLANG_ENABLE_OBJC_WEAK = YES;
				CLANG_WARN_BLOCK_CAPTURE_AUTORELEASING = YES;
				CLANG_WARN_BOOL_CONVERSION = YES;
				CLANG_WARN_COMMA = YES;
				CLANG_WARN_CONSTANT_CONVERSION = YES;
				CLANG_WARN_DEPRECATED_OBJC_IMPLEMENTATIONS = YES;
				CLANG_WARN_DIRECT_OBJC_ISA_USAGE = YES_ERROR;
				CLANG_WARN_DOCUMENTATION_COMMENTS = YES;
				CLANG_WARN_EMPTY_BODY = YES;
				CLANG_WARN_ENUM_CONVERSION = YES;
				CLANG_WARN_INFINITE_RECURSION = YES;
				CLANG_WARN_INT_CONVERSION = YES;
				CLANG_WARN_NON_LITERAL_NULL_CONVERSION = YES;
				CLANG_WARN_OBJC_IMPLICIT_RETAIN_SELF = YES;
				CLANG_WARN_OBJC_LITERAL_CONVERSION = YES;
				CLANG_WARN_OBJC_ROOT_CLASS = YES_ERROR;
				CLANG_WARN_QUOTED_INCLUDE_IN_FRAMEWORK_HEADER = YES;
				CLANG_WARN_RANGE_LOOP_ANALYSIS = YES;
				CLANG_WARN_STRICT_PROTOTYPES = YES;
				CLANG_WARN_SUSPICIOUS_MOVE = YES;
				CLANG_WARN_UNGUARDED_AVAILABILITY = YES_AGGRESSIVE;
				CLANG_WARN_UNREACHABLE_CODE = YES;
				CLANG_WARN__DUPLICATE_METHOD_MATCH = YES;
				COPY_PHASE_STRIP = NO;
				DEBUG_INFORMATION_FORMAT = "dwarf-with-dsym";
				ENABLE_NS_ASSERTIONS = NO;
				ENABLE_STRICT_OBJC_MSGSEND = YES;
				GCC_C_LANGUAGE_STANDARD = gnu11;
				GCC_NO_COMMON_BLOCKS = YES;
				GCC_WARN_64_TO_32_BIT_CONVERSION = YES;
				GCC_WARN_ABOUT_RETURN_TYPE = YES_ERROR;
				GCC_WARN_UNDECLARED_SELECTOR = YES;
				GCC_WARN_UNINITIALIZED_AUTOS = YES_AGGRESSIVE;
				GCC_WARN_UNUSED_FUNCTION = YES;
				GCC_WARN_UNUSED_VARIABLE = YES;
				IPHONEOS_DEPLOYMENT_TARGET = 16.1;
				MTL_ENABLE_DEBUG_INFO = NO;
				MTL_FAST_MATH = YES;
				SDKROOT = iphoneos;
				SWIFT_COMPILATION_MODE = wholemodule;
				SWIFT_OPTIMIZATION_LEVEL = "-O";
				VALIDATE_PRODUCT = YES;
			};
			name = Release;
		};
		D6EF10232A12D3F5008C384F /* Debug */ = {
			isa = XCBuildConfiguration;
			baseConfigurationReference = 7C863BAA208EFA3588784E6F /* Pods-Carrefour.debug.xcconfig */;
			buildSettings = {
				ASSETCATALOG_COMPILER_APPICON_NAME = AppIcon;
				ASSETCATALOG_COMPILER_GLOBAL_ACCENT_COLOR_NAME = AccentColor;
				CODE_SIGN_STYLE = Automatic;
				CURRENT_PROJECT_VERSION = 1;
				GENERATE_INFOPLIST_FILE = YES;
				INFOPLIST_FILE = Carrefour/Info.plist;
				INFOPLIST_KEY_UIApplicationSupportsIndirectInputEvents = YES;
				INFOPLIST_KEY_UILaunchStoryboardName = LaunchScreen.storyboard;
				INFOPLIST_KEY_UIMainStoryboardFile = "";
				INFOPLIST_KEY_UISupportedInterfaceOrientations = UIInterfaceOrientationPortrait;
				INFOPLIST_KEY_UISupportedInterfaceOrientations_iPad = "UIInterfaceOrientationLandscapeLeft UIInterfaceOrientationLandscapeRight UIInterfaceOrientationPortrait UIInterfaceOrientationPortraitUpsideDown";
				LD_RUNPATH_SEARCH_PATHS = (
					"$(inherited)",
					"@executable_path/Frameworks",
				);
				MARKETING_VERSION = 1.0;
				PRODUCT_BUNDLE_IDENTIFIER = com.Vavretchek.Carrefour;
				PRODUCT_NAME = "$(TARGET_NAME)";
				SWIFT_EMIT_LOC_STRINGS = YES;
				SWIFT_VERSION = 5.0;
				TARGETED_DEVICE_FAMILY = "1,2";
			};
			name = Debug;
		};
		D6EF10242A12D3F5008C384F /* Release */ = {
			isa = XCBuildConfiguration;
			baseConfigurationReference = D0C237B98F79B600837D37B7 /* Pods-Carrefour.release.xcconfig */;
			buildSettings = {
				ASSETCATALOG_COMPILER_APPICON_NAME = AppIcon;
				ASSETCATALOG_COMPILER_GLOBAL_ACCENT_COLOR_NAME = AccentColor;
				CODE_SIGN_STYLE = Automatic;
				CURRENT_PROJECT_VERSION = 1;
				GENERATE_INFOPLIST_FILE = YES;
				INFOPLIST_FILE = Carrefour/Info.plist;
				INFOPLIST_KEY_UIApplicationSupportsIndirectInputEvents = YES;
				INFOPLIST_KEY_UILaunchStoryboardName = LaunchScreen.storyboard;
				INFOPLIST_KEY_UIMainStoryboardFile = "";
				INFOPLIST_KEY_UISupportedInterfaceOrientations = UIInterfaceOrientationPortrait;
				INFOPLIST_KEY_UISupportedInterfaceOrientations_iPad = "UIInterfaceOrientationLandscapeLeft UIInterfaceOrientationLandscapeRight UIInterfaceOrientationPortrait UIInterfaceOrientationPortraitUpsideDown";
				LD_RUNPATH_SEARCH_PATHS = (
					"$(inherited)",
					"@executable_path/Frameworks",
				);
				MARKETING_VERSION = 1.0;
				PRODUCT_BUNDLE_IDENTIFIER = com.Vavretchek.Carrefour;
				PRODUCT_NAME = "$(TARGET_NAME)";
				SWIFT_EMIT_LOC_STRINGS = YES;
				SWIFT_VERSION = 5.0;
				TARGETED_DEVICE_FAMILY = "1,2";
			};
			name = Release;
		};
		D6EF10262A12D3F5008C384F /* Debug */ = {
			isa = XCBuildConfiguration;
			baseConfigurationReference = 8FB3899C34B60D25D85C7E73 /* Pods-CarrefourTests.debug.xcconfig */;
			buildSettings = {
				ALWAYS_EMBED_SWIFT_STANDARD_LIBRARIES = YES;
				BUNDLE_LOADER = "$(TEST_HOST)";
				CODE_SIGN_STYLE = Automatic;
				CURRENT_PROJECT_VERSION = 1;
				GENERATE_INFOPLIST_FILE = YES;
				IPHONEOS_DEPLOYMENT_TARGET = 16.1;
				MARKETING_VERSION = 1.0;
				PRODUCT_BUNDLE_IDENTIFIER = com.Vavretchek.CarrefourTests;
				PRODUCT_NAME = "$(TARGET_NAME)";
				SWIFT_EMIT_LOC_STRINGS = NO;
				SWIFT_VERSION = 5.0;
				TARGETED_DEVICE_FAMILY = "1,2";
				TEST_HOST = "$(BUILT_PRODUCTS_DIR)/Carrefour.app/$(BUNDLE_EXECUTABLE_FOLDER_PATH)/Carrefour";
			};
			name = Debug;
		};
		D6EF10272A12D3F5008C384F /* Release */ = {
			isa = XCBuildConfiguration;
			baseConfigurationReference = 1240B27058369D57C144E7CB /* Pods-CarrefourTests.release.xcconfig */;
			buildSettings = {
				ALWAYS_EMBED_SWIFT_STANDARD_LIBRARIES = YES;
				BUNDLE_LOADER = "$(TEST_HOST)";
				CODE_SIGN_STYLE = Automatic;
				CURRENT_PROJECT_VERSION = 1;
				GENERATE_INFOPLIST_FILE = YES;
				IPHONEOS_DEPLOYMENT_TARGET = 16.1;
				MARKETING_VERSION = 1.0;
				PRODUCT_BUNDLE_IDENTIFIER = com.Vavretchek.CarrefourTests;
				PRODUCT_NAME = "$(TARGET_NAME)";
				SWIFT_EMIT_LOC_STRINGS = NO;
				SWIFT_VERSION = 5.0;
				TARGETED_DEVICE_FAMILY = "1,2";
				TEST_HOST = "$(BUILT_PRODUCTS_DIR)/Carrefour.app/$(BUNDLE_EXECUTABLE_FOLDER_PATH)/Carrefour";
			};
			name = Release;
		};
		D6EF10292A12D3F5008C384F /* Debug */ = {
			isa = XCBuildConfiguration;
			baseConfigurationReference = 64344FB3B00EBFE5646A60A4 /* Pods-Carrefour-CarrefourUITests.debug.xcconfig */;
			buildSettings = {
				ALWAYS_EMBED_SWIFT_STANDARD_LIBRARIES = YES;
				CODE_SIGN_STYLE = Automatic;
				CURRENT_PROJECT_VERSION = 1;
				GENERATE_INFOPLIST_FILE = YES;
				MARKETING_VERSION = 1.0;
				PRODUCT_BUNDLE_IDENTIFIER = com.Vavretchek.CarrefourUITests;
				PRODUCT_NAME = "$(TARGET_NAME)";
				SWIFT_EMIT_LOC_STRINGS = NO;
				SWIFT_VERSION = 5.0;
				TARGETED_DEVICE_FAMILY = "1,2";
				TEST_TARGET_NAME = Carrefour;
			};
			name = Debug;
		};
		D6EF102A2A12D3F5008C384F /* Release */ = {
			isa = XCBuildConfiguration;
			baseConfigurationReference = D1CC1621B6114391863EBDD1 /* Pods-Carrefour-CarrefourUITests.release.xcconfig */;
			buildSettings = {
				ALWAYS_EMBED_SWIFT_STANDARD_LIBRARIES = YES;
				CODE_SIGN_STYLE = Automatic;
				CURRENT_PROJECT_VERSION = 1;
				GENERATE_INFOPLIST_FILE = YES;
				MARKETING_VERSION = 1.0;
				PRODUCT_BUNDLE_IDENTIFIER = com.Vavretchek.CarrefourUITests;
				PRODUCT_NAME = "$(TARGET_NAME)";
				SWIFT_EMIT_LOC_STRINGS = NO;
				SWIFT_VERSION = 5.0;
				TARGETED_DEVICE_FAMILY = "1,2";
				TEST_TARGET_NAME = Carrefour;
			};
			name = Release;
		};
/* End XCBuildConfiguration section */

/* Begin XCConfigurationList section */
		D6EF0FF32A12D3F4008C384F /* Build configuration list for PBXProject "Carrefour" */ = {
			isa = XCConfigurationList;
			buildConfigurations = (
				D6EF10202A12D3F5008C384F /* Debug */,
				D6EF10212A12D3F5008C384F /* Release */,
			);
			defaultConfigurationIsVisible = 0;
			defaultConfigurationName = Release;
		};
		D6EF10222A12D3F5008C384F /* Build configuration list for PBXNativeTarget "Carrefour" */ = {
			isa = XCConfigurationList;
			buildConfigurations = (
				D6EF10232A12D3F5008C384F /* Debug */,
				D6EF10242A12D3F5008C384F /* Release */,
			);
			defaultConfigurationIsVisible = 0;
			defaultConfigurationName = Release;
		};
		D6EF10252A12D3F5008C384F /* Build configuration list for PBXNativeTarget "CarrefourTests" */ = {
			isa = XCConfigurationList;
			buildConfigurations = (
				D6EF10262A12D3F5008C384F /* Debug */,
				D6EF10272A12D3F5008C384F /* Release */,
			);
			defaultConfigurationIsVisible = 0;
			defaultConfigurationName = Release;
		};
		D6EF10282A12D3F5008C384F /* Build configuration list for PBXNativeTarget "CarrefourUITests" */ = {
			isa = XCConfigurationList;
			buildConfigurations = (
				D6EF10292A12D3F5008C384F /* Debug */,
				D6EF102A2A12D3F5008C384F /* Release */,
			);
			defaultConfigurationIsVisible = 0;
			defaultConfigurationName = Release;
		};
/* End XCConfigurationList section */
	};
	rootObject = D6EF0FF02A12D3F4008C384F /* Project object */;
}
